// !$*UTF8*$!
{
	archiveVersion = 1;
	classes = {
	};
	objectVersion = 77;
	objects = {

/* Begin PBXBuildFile section */
		A73EC7F02FD84D2900EC8798 /* Supabase in Frameworks */ = {isa = PBXBuildFile; productRef = A73EC7EF2FD84D2900EC8798 /* Supabase */; };
/* End PBXBuildFile section */

/* Begin PBXContainerItemProxy section */
		D12A52FB2FD7692600C13652 /* PBXContainerItemProxy */ = {
			isa = PBXContainerItemProxy;
			containerPortal = D12A52E52FD7692500C13652 /* Project object */;
			proxyType = 1;
			remoteGlobalIDString = D12A52EC2FD7692500C13652;
			remoteInfo = PlaceThatSign;
		};
		D12A53052FD7692600C13652 /* PBXContainerItemProxy */ = {
			isa = PBXContainerItemProxy;
			containerPortal = D12A52E52FD7692500C13652 /* Project object */;
			proxyType = 1;
			remoteGlobalIDString = D12A52EC2FD7692500C13652;
			remoteInfo = PlaceThatSign;
		};
/* End PBXContainerItemProxy section */

/* Begin PBXFileReference section */
		D12A52ED2FD7692500C13652 /* PlaceThatSign.app */ = {isa = PBXFileReference; explicitFileType = wrapper.application; includeInIndex = 0; path = PlaceThatSign.app; sourceTree = BUILT_PRODUCTS_DIR; };
		D12A52FA2FD7692600C13652 /* PlaceThatSignTests.xctest */ = {isa = PBXFileReference; explicitFileType = wrapper.cfbundle; includeInIndex = 0; path = PlaceThatSignTests.xctest; sourceTree = BUILT_PRODUCTS_DIR; };
		D12A53042FD7692600C13652 /* PlaceThatSignUITests.xctest */ = {isa = PBXFileReference; explicitFileType = wrapper.cfbundle; includeInIndex = 0; path = PlaceThatSignUITests.xctest; sourceTree = BUILT_PRODUCTS_DIR; };
/* End PBXFileReference section */

/* Begin PBXFileSystemSynchronizedBuildFileExceptionSet section */
		A73EC7F52FD84F0700EC8798 /* Exceptions for "PlaceThatSign" folder in "PlaceThatSign" target */ = {
			isa = PBXFileSystemSynchronizedBuildFileExceptionSet;
			membershipExceptions = (
				Info.plist,
				Secrets.xcconfig,
				Secrets.xcconfig.example,
			);
			target = D12A52EC2FD7692500C13652 /* PlaceThatSign */;
		};
/* End PBXFileSystemSynchronizedBuildFileExceptionSet section */

/* Begin PBXFileSystemSynchronizedRootGroup section */
		D12A52EF2FD7692500C13652 /* PlaceThatSign */ = {
			isa = PBXFileSystemSynchronizedRootGroup;
			exceptions = (
				A73EC7F52FD84F0700EC8798 /* Exceptions for "PlaceThatSign" folder in "PlaceThatSign" target */,
			);
			path = PlaceThatSign;
			sourceTree = "<group>";
		};
		D12A52FD2FD7692600C13652 /* PlaceThatSignTests */ = {
			isa = PBXFileSystemSynchronizedRootGroup;
			path = PlaceThatSignTests;
			sourceTree = "<group>";
		};
		D12A53072FD7692600C13652 /* PlaceThatSignUITests */ = {
			isa = PBXFileSystemSynchronizedRootGroup;
			path = PlaceThatSignUITests;
			sourceTree = "<group>";
		};
/* End PBXFileSystemSynchronizedRootGroup section */

/* Begin PBXFrameworksBuildPhase section */
		D12A52EA2FD7692500C13652 /* Frameworks */ = {
			isa = PBXFrameworksBuildPhase;
			buildActionMask = 2147483647;
			files = (
				A73EC7F02FD84D2900EC8798 /* Supabase in Frameworks */,
			);
			runOnlyForDeploymentPostprocessing = 0;
		};
		D12A52F72FD7692600C13652 /* Frameworks */ = {
			isa = PBXFrameworksBuildPhase;
			buildActionMask = 2147483647;
			files = (
			);
			runOnlyForDeploymentPostprocessing = 0;
		};
		D12A53012FD7692600C13652 /* Frameworks */ = {
			isa = PBXFrameworksBuildPhase;
			buildActionMask = 2147483647;
			files = (
			);
			runOnlyForDeploymentPostprocessing = 0;
		};
/* End PBXFrameworksBuildPhase section */

/* Begin PBXGroup section */
		D12A52E42FD7692500C13652 = {
			isa = PBXGroup;
			children = (
				D12A52EF2FD7692500C13652 /* PlaceThatSign */,
				D12A52FD2FD7692600C13652 /* PlaceThatSignTests */,
				D12A53072FD7692600C13652 /* PlaceThatSignUITests */,
				D12A52EE2FD7692500C13652 /* Products */,
			);
			sourceTree = "<group>";
		};
		D12A52EE2FD7692500C13652 /* Products */ = {
			isa = PBXGroup;
			children = (
				D12A52ED2FD7692500C13652 /* PlaceThatSign.app */,
				D12A52FA2FD7692600C13652 /* PlaceThatSignTests.xctest */,
				D12A53042FD7692600C13652 /* PlaceThatSignUITests.xctest */,
			);
			name = Products;
			sourceTree = "<group>";
		};
/* End PBXGroup section */

/* Begin PBXNativeTarget section */
		D12A52EC2FD7692500C13652 /* PlaceThatSign */ = {
			isa = PBXNativeTarget;
			buildConfigurationList = D12A530E2FD7692600C13652 /* Build configuration list for PBXNativeTarget "PlaceThatSign" */;
			buildPhases = (
				D12A52E92FD7692500C13652 /* Sources */,
				D12A52EA2FD7692500C13652 /* Frameworks */,
				D12A52EB2FD7692500C13652 /* Resources */,
			);
			buildRules = (
			);
			dependencies = (
			);
			fileSystemSynchronizedGroups = (
				D12A52EF2FD7692500C13652 /* PlaceThatSign */,
			);
			name = PlaceThatSign;
			packageProductDependencies = (
				A73EC7EF2FD84D2900EC8798 /* Supabase */,
			);
			productName = PlaceThatSign;
			productReference = D12A52ED2FD7692500C13652 /* PlaceThatSign.app */;
			productType = "com.apple.product-type.application";
		};
		D12A52F92FD7692600C13652 /* PlaceThatSignTests */ = {
			isa = PBXNativeTarget;
			buildConfigurationList = D12A53112FD7692600C13652 /* Build configuration list for PBXNativeTarget "PlaceThatSignTests" */;
			buildPhases = (
				D12A52F62FD7692600C13652 /* Sources */,
				D12A52F72FD7692600C13652 /* Frameworks */,
				D12A52F82FD7692600C13652 /* Resources */,
			);
			buildRules = (
			);
			dependencies = (
				D12A52FC2FD7692600C13652 /* PBXTargetDependency */,
			);
			fileSystemSynchronizedGroups = (
				D12A52FD2FD7692600C13652 /* PlaceThatSignTests */,
			);
			name = PlaceThatSignTests;
			packageProductDependencies = (
			);
			productName = PlaceThatSignTests;
			productReference = D12A52FA2FD7692600C13652 /* PlaceThatSignTests.xctest */;
			productType = "com.apple.product-type.bundle.unit-test";
		};
		D12A53032FD7692600C13652 /* PlaceThatSignUITests */ = {
			isa = PBXNativeTarget;
			buildConfigurationList = D12A53142FD7692600C13652 /* Build configuration list for PBXNativeTarget "PlaceThatSignUITests" */;
			buildPhases = (
				D12A53002FD7692600C13652 /* Sources */,
				D12A53012FD7692600C13652 /* Frameworks */,
				D12A53022FD7692600C13652 /* Resources */,
			);
			buildRules = (
			);
			dependencies = (
				D12A53062FD7692600C13652 /* PBXTargetDependency */,
			);
			fileSystemSynchronizedGroups = (
				D12A53072FD7692600C13652 /* PlaceThatSignUITests */,
			);
			name = PlaceThatSignUITests;
			packageProductDependencies = (
			);
			productName = PlaceThatSignUITests;
			productReference = D12A53042FD7692600C13652 /* PlaceThatSignUITests.xctest */;
			productType = "com.apple.product-type.bundle.ui-testing";
		};
/* End PBXNativeTarget section */

/* Begin PBXProject section */
		D12A52E52FD7692500C13652 /* Project object */ = {
			isa = PBXProject;
			attributes = {
				BuildIndependentTargetsInParallel = 1;
				LastSwiftUpdateCheck = 2650;
				LastUpgradeCheck = 2650;
				TargetAttributes = {
					D12A52EC2FD7692500C13652 = {
						CreatedOnToolsVersion = 26.5;
					};
					D12A52F92FD7692600C13652 = {
						CreatedOnToolsVersion = 26.5;
						TestTargetID = D12A52EC2FD7692500C13652;
					};
					D12A53032FD7692600C13652 = {
						CreatedOnToolsVersion = 26.5;
						TestTargetID = D12A52EC2FD7692500C13652;
					};
				};
			};
			buildConfigurationList = D12A52E82FD7692500C13652 /* Build configuration list for PBXProject "PlaceThatSign" */;
			developmentRegion = en;
			hasScannedForEncodings = 0;
			knownRegions = (
				en,
				Base,
			);
			mainGroup = D12A52E42FD7692500C13652;
			minimizedProjectReferenceProxies = 1;
			packageReferences = (
				A73EC7EE2FD84D2900EC8798 /* XCRemoteSwiftPackageReference "supabase-swift" */,
			);
			preferredProjectObjectVersion = 77;
			productRefGroup = D12A52EE2FD7692500C13652 /* Products */;
			projectDirPath = "";
			projectRoot = "";
			targets = (
				D12A52EC2FD7692500C13652 /* PlaceThatSign */,
				D12A52F92FD7692600C13652 /* PlaceThatSignTests */,
				D12A53032FD7692600C13652 /* PlaceThatSignUITests */,
			);
		};
/* End PBXProject section */

/* Begin PBXResourcesBuildPhase section */
		D12A52EB2FD7692500C13652 /* Resources */ = {
			isa = PBXResourcesBuildPhase;
			buildActionMask = 2147483647;
			files = (
			);
			runOnlyForDeploymentPostprocessing = 0;
		};
		D12A52F82FD7692600C13652 /* Resources */ = {
			isa = PBXResourcesBuildPhase;
			buildActionMask = 2147483647;
			files = (
			);
			runOnlyForDeploymentPostprocessing = 0;
		};
		D12A53022FD7692600C13652 /* Resources */ = {
			isa = PBXResourcesBuildPhase;
			buildActionMask = 2147483647;
			files = (
			);
			runOnlyForDeploymentPostprocessing = 0;
		};
/* End PBXResourcesBuildPhase section */

/* Begin PBXSourcesBuildPhase section */
		D12A52E92FD7692500C13652 /* Sources */ = {
			isa = PBXSourcesBuildPhase;
			buildActionMask = 2147483647;
			files = (
			);
			runOnlyForDeploymentPostprocessing = 0;
		};
		D12A52F62FD7692600C13652 /* Sources */ = {
			isa = PBXSourcesBuildPhase;
			buildActionMask = 2147483647;
			files = (
			);
			runOnlyForDeploymentPostprocessing = 0;
		};
		D12A53002FD7692600C13652 /* Sources */ = {
			isa = PBXSourcesBuildPhase;
			buildActionMask = 2147483647;
			files = (
			);
			runOnlyForDeploymentPostprocessing = 0;
		};
/* End PBXSourcesBuildPhase section */

/* Begin PBXTargetDependency section */
		D12A52FC2FD7692600C13652 /* PBXTargetDependency */ = {
			isa = PBXTargetDependency;
			target = D12A52EC2FD7692500C13652 /* PlaceThatSign */;
			targetProxy = D12A52FB2FD7692600C13652 /* PBXContainerItemProxy */;
		};
		D12A53062FD7692600C13652 /* PBXTargetDependency */ = {
			isa = PBXTargetDependency;
			target = D12A52EC2FD7692500C13652 /* PlaceThatSign */;
			targetProxy = D12A53052FD7692600C13652 /* PBXContainerItemProxy */;
		};
/* End PBXTargetDependency section */

/* Begin XCBuildConfiguration section */
		D12A530C2FD7692600C13652 /* Debug */ = {
			isa = XCBuildConfiguration;
			baseConfigurationReferenceAnchor = D12A52EF2FD7692500C13652 /* PlaceThatSign */;
			baseConfigurationReferenceRelativePath = Secrets.xcconfig;
			buildSettings = {
				ALWAYS_SEARCH_USER_PATHS = NO;
				ASSETCATALOG_COMPILER_GENERATE_SWIFT_ASSET_SYMBOL_EXTENSIONS = YES;
				CLANG_ANALYZER_NONNULL = YES;
				CLANG_ANALYZER_NUMBER_OBJECT_CONVERSION = YES_AGGRESSIVE;
				CLANG_CXX_LANGUAGE_STANDARD = "gnu++20";
				CLANG_ENABLE_MODULES = YES;
				CLANG_ENABLE_OBJC_ARC = YES;
				CLANG_ENABLE_OBJC_WEAK = YES;
				CLANG_WARN_BLOCK_CAPTURE_AUTORELEASING = YES;
				CLANG_WARN_BOOL_CONVERSION = YES;
				CLANG_WARN_COMMA = YES;
				CLANG_WARN_CONSTANT_CONVERSION = YES;
				CLANG_WARN_DEPRECATED_OBJC_IMPLEMENTATIONS = YES;
				CLANG_WARN_DIRECT_OBJC_ISA_USAGE = YES_ERROR;
				CLANG_WARN_DOCUMENTATION_COMMENTS = YES;
				CLANG_WARN_EMPTY_BODY = YES;
				CLANG_WARN_ENUM_CONVERSION = YES;
				CLANG_WARN_INFINITE_RECURSION = YES;
				CLANG_WARN_INT_CONVERSION = YES;
				CLANG_WARN_NON_LITERAL_NULL_CONVERSION = YES;
				CLANG_WARN_OBJC_IMPLICIT_RETAIN_SELF = YES;
				CLANG_WARN_OBJC_LITERAL_CONVERSION = YES;
				CLANG_WARN_OBJC_ROOT_CLASS = YES_ERROR;
				CLANG_WARN_QUOTED_INCLUDE_IN_FRAMEWORK_HEADER = YES;
				CLANG_WARN_RANGE_LOOP_ANALYSIS = YES;
				CLANG_WARN_STRICT_PROTOTYPES = YES;
				CLANG_WARN_SUSPICIOUS_MOVE = YES;
				CLANG_WARN_UNGUARDED_AVAILABILITY = YES_AGGRESSIVE;
				CLANG_WARN_UNREACHABLE_CODE = YES;
				CLANG_WARN__DUPLICATE_METHOD_MATCH = YES;
				COPY_PHASE_STRIP = NO;
				DEBUG_INFORMATION_FORMAT = dwarf;
				DEVELOPMENT_TEAM = 6GA6PJQ6B5;
				ENABLE_STRICT_OBJC_MSGSEND = YES;
				ENABLE_TESTABILITY = YES;
				ENABLE_USER_SCRIPT_SANDBOXING = YES;
				GCC_C_LANGUAGE_STANDARD = gnu17;
				GCC_DYNAMIC_NO_PIC = NO;
				GCC_NO_COMMON_BLOCKS = YES;
				GCC_OPTIMIZATION_LEVEL = 0;
				GCC_PREPROCESSOR_DEFINITIONS = (
					"DEBUG=1",
					"$(inherited)",
				);
				GCC_WARN_64_TO_32_BIT_CONVERSION = YES;
				GCC_WARN_ABOUT_RETURN_TYPE = YES_ERROR;
				GCC_WARN_UNDECLARED_SELECTOR = YES;
				GCC_WARN_UNINITIALIZED_AUTOS = YES_AGGRESSIVE;
				GCC_WARN_UNUSED_FUNCTION = YES;
				GCC_WARN_UNUSED_VARIABLE = YES;
				IPHONEOS_DEPLOYMENT_TARGET = 26.5;
				LOCALIZATION_PREFERS_STRING_CATALOGS = YES;
				MTL_ENABLE_DEBUG_INFO = INCLUDE_SOURCE;
				MTL_FAST_MATH = YES;
				ONLY_ACTIVE_ARCH = YES;
				SDKROOT = iphoneos;
				SWIFT_ACTIVE_COMPILATION_CONDITIONS = "DEBUG $(inherited)";
				SWIFT_OPTIMIZATION_LEVEL = "-Onone";
			};
			name = Debug;
		};
		D12A530D2FD7692600C13652 /* Release */ = {
			isa = XCBuildConfiguration;
			baseConfigurationReferenceAnchor = D12A52EF2FD7692500C13652 /* PlaceThatSign */;
			baseConfigurationReferenceRelativePath = Secrets.xcconfig;
			buildSettings = {
				ALWAYS_SEARCH_USER_PATHS = NO;
				ASSETCATALOG_COMPILER_GENERATE_SWIFT_ASSET_SYMBOL_EXTENSIONS = YES;
				CLANG_ANALYZER_NONNULL = YES;
				CLANG_ANALYZER_NUMBER_OBJECT_CONVERSION = YES_AGGRESSIVE;
				CLANG_CXX_LANGUAGE_STANDARD = "gnu++20";
				CLANG_ENABLE_MODULES = YES;
				CLANG_ENABLE_OBJC_ARC = YES;
				CLANG_ENABLE_OBJC_WEAK = YES;
				CLANG_WARN_BLOCK_CAPTURE_AUTORELEASING = YES;
				CLANG_WARN_BOOL_CONVERSION = YES;
				CLANG_WARN_COMMA = YES;
				CLANG_WARN_CONSTANT_CONVERSION = YES;
				CLANG_WARN_DEPRECATED_OBJC_IMPLEMENTATIONS = YES;
				CLANG_WARN_DIRECT_OBJC_ISA_USAGE = YES_ERROR;
				CLANG_WARN_DOCUMENTATION_COMMENTS = YES;
				CLANG_WARN_EMPTY_BODY = YES;
				CLANG_WARN_ENUM_CONVERSION = YES;
				CLANG_WARN_INFINITE_RECURSION = YES;
				CLANG_WARN_INT_CONVERSION = YES;
				CLANG_WARN_NON_LITERAL_NULL_CONVERSION = YES;
				CLANG_WARN_OBJC_IMPLICIT_RETAIN_SELF = YES;
				CLANG_WARN_OBJC_LITERAL_CONVERSION = YES;
				CLANG_WARN_OBJC_ROOT_CLASS = YES_ERROR;
				CLANG_WARN_QUOTED_INCLUDE_IN_FRAMEWORK_HEADER = YES;
				CLANG_WARN_RANGE_LOOP_ANALYSIS = YES;
				CLANG_WARN_STRICT_PROTOTYPES = YES;
				CLANG_WARN_SUSPICIOUS_MOVE = YES;
				CLANG_WARN_UNGUARDED_AVAILABILITY = YES_AGGRESSIVE;
				CLANG_WARN_UNREACHABLE_CODE = YES;
				CLANG_WARN__DUPLICATE_METHOD_MATCH = YES;
				COPY_PHASE_STRIP = NO;
				DEBUG_INFORMATION_FORMAT = "dwarf-with-dsym";
				DEVELOPMENT_TEAM = 6GA6PJQ6B5;
				ENABLE_NS_ASSERTIONS = NO;
				ENABLE_STRICT_OBJC_MSGSEND = YES;
				ENABLE_USER_SCRIPT_SANDBOXING = YES;
				GCC_C_LANGUAGE_STANDARD = gnu17;
				GCC_NO_COMMON_BLOCKS = YES;
				GCC_WARN_64_TO_32_BIT_CONVERSION = YES;
				GCC_WARN_ABOUT_RETURN_TYPE = YES_ERROR;
				GCC_WARN_UNDECLARED_SELECTOR = YES;
				GCC_WARN_UNINITIALIZED_AUTOS = YES_AGGRESSIVE;
				GCC_WARN_UNUSED_FUNCTION = YES;
				GCC_WARN_UNUSED_VARIABLE = YES;
				IPHONEOS_DEPLOYMENT_TARGET = 26.5;
				LOCALIZATION_PREFERS_STRING_CATALOGS = YES;
				MTL_ENABLE_DEBUG_INFO = NO;
				MTL_FAST_MATH = YES;
				SDKROOT = iphoneos;
				SWIFT_COMPILATION_MODE = wholemodule;
				VALIDATE_PRODUCT = YES;
			};
			name = Release;
		};
		D12A530F2FD7692600C13652 /* Debug */ = {
			isa = XCBuildConfiguration;
			baseConfigurationReferenceAnchor = D12A52EF2FD7692500C13652 /* PlaceThatSign */;
			baseConfigurationReferenceRelativePath = Secrets.xcconfig;
			buildSettings = {
				ASSETCATALOG_COMPILER_APPICON_NAME = AppIcon;
				ASSETCATALOG_COMPILER_GLOBAL_ACCENT_COLOR_NAME = AccentColor;
				CODE_SIGN_STYLE = Automatic;
				CURRENT_PROJECT_VERSION = 1;
				DEVELOPMENT_TEAM = 6GA6PJQ6B5;
				ENABLE_PREVIEWS = YES;
				GENERATE_INFOPLIST_FILE = YES;
				INFOPLIST_FILE = PlaceThatSign/Info.plist;
				INFOPLIST_KEY_NSLocationWhenInUseUsageDescription = "PlaceThatSign needs your location to show and place signs near you.";
				INFOPLIST_KEY_UIApplicationSceneManifest_Generation = YES;
				INFOPLIST_KEY_UIApplicationSupportsIndirectInputEvents = YES;
				INFOPLIST_KEY_UILaunchScreen_Generation = YES;
				INFOPLIST_KEY_UISupportedInterfaceOrientations_iPad = "UIInterfaceOrientationPortrait UIInterfaceOrientationPortraitUpsideDown UIInterfaceOrientationLandscapeLeft UIInterfaceOrientationLandscapeRight";
				INFOPLIST_KEY_UISupportedInterfaceOrientations_iPhone = "UIInterfaceOrientationPortrait UIInterfaceOrientationLandscapeLeft UIInterfaceOrientationLandscapeRight";
				LD_RUNPATH_SEARCH_PATHS = (
					"$(inherited)",
					"@executable_path/Frameworks",
				);
				MARKETING_VERSION = 1.0;
				PRODUCT_BUNDLE_IDENTIFIER = OPinder.PlaceThatSign;
				PRODUCT_NAME = "$(TARGET_NAME)";
				STRING_CATALOG_GENERATE_SYMBOLS = YES;
				SWIFT_APPROACHABLE_CONCURRENCY = YES;
				SWIFT_DEFAULT_ACTOR_ISOLATION = MainActor;
				SWIFT_EMIT_LOC_STRINGS = YES;
				SWIFT_UPCOMING_FEATURE_MEMBER_IMPORT_VISIBILITY = YES;
				SWIFT_VERSION = 5.0;
				TARGETED_DEVICE_FAMILY = "1,2";
			};
			name = Debug;
		};
		D12A53102FD7692600C13652 /* Release */ = {
			isa = XCBuildConfiguration;
			baseConfigurationReferenceAnchor = D12A52EF2FD7692500C13652 /* PlaceThatSign */;
			baseConfigurationReferenceRelativePath = Secrets.xcconfig;
			buildSettings = {
				ASSETCATALOG_COMPILER_APPICON_NAME = AppIcon;
				ASSETCATALOG_COMPILER_GLOBAL_ACCENT_COLOR_NAME = AccentColor;
				CODE_SIGN_STYLE = Automatic;
				CURRENT_PROJECT_VERSION = 1;
				DEVELOPMENT_TEAM = 6GA6PJQ6B5;
				ENABLE_PREVIEWS = YES;
				GENERATE_INFOPLIST_FILE = YES;
				INFOPLIST_FILE = PlaceThatSign/Info.plist;
				INFOPLIST_KEY_NSLocationWhenInUseUsageDescription = "PlaceThatSign needs your location to show and place signs near you.";
				INFOPLIST_KEY_UIApplicationSceneManifest_Generation = YES;
				INFOPLIST_KEY_UIApplicationSupportsIndirectInputEvents = YES;
				INFOPLIST_KEY_UILaunchScreen_Generation = YES;
				INFOPLIST_KEY_UISupportedInterfaceOrientations_iPad = "UIInterfaceOrientationPortrait UIInterfaceOrientationPortraitUpsideDown UIInterfaceOrientationLandscapeLeft UIInterfaceOrientationLandscapeRight";
				INFOPLIST_KEY_UISupportedInterfaceOrientations_iPhone = "UIInterfaceOrientationPortrait UIInterfaceOrientationLandscapeLeft UIInterfaceOrientationLandscapeRight";
				LD_RUNPATH_SEARCH_PATHS = (
					"$(inherited)",
					"@executable_path/Frameworks",
				);
				MARKETING_VERSION = 1.0;
				PRODUCT_BUNDLE_IDENTIFIER = OPinder.PlaceThatSign;
				PRODUCT_NAME = "$(TARGET_NAME)";
				STRING_CATALOG_GENERATE_SYMBOLS = YES;
				SWIFT_APPROACHABLE_CONCURRENCY = YES;
				SWIFT_DEFAULT_ACTOR_ISOLATION = MainActor;
				SWIFT_EMIT_LOC_STRINGS = YES;
				SWIFT_UPCOMING_FEATURE_MEMBER_IMPORT_VISIBILITY = YES;
				SWIFT_VERSION = 5.0;
				TARGETED_DEVICE_FAMILY = "1,2";
			};
			name = Release;
		};
		D12A53122FD7692600C13652 /* Debug */ = {
			isa = XCBuildConfiguration;
			buildSettings = {
				BUNDLE_LOADER = "$(TEST_HOST)";
				CODE_SIGN_STYLE = Automatic;
				CURRENT_PROJECT_VERSION = 1;
				DEVELOPMENT_TEAM = 6GA6PJQ6B5;
				GENERATE_INFOPLIST_FILE = YES;
				IPHONEOS_DEPLOYMENT_TARGET = 26.5;
				MARKETING_VERSION = 1.0;
				PRODUCT_BUNDLE_IDENTIFIER = OPinder.PlaceThatSignTests;
				PRODUCT_NAME = "$(TARGET_NAME)";
				STRING_CATALOG_GENERATE_SYMBOLS = NO;
				SWIFT_APPROACHABLE_CONCURRENCY = YES;
				SWIFT_EMIT_LOC_STRINGS = NO;
				SWIFT_UPCOMING_FEATURE_MEMBER_IMPORT_VISIBILITY = YES;
				SWIFT_VERSION = 5.0;
				TARGETED_DEVICE_FAMILY = "1,2";
				TEST_HOST = "$(BUILT_PRODUCTS_DIR)/PlaceThatSign.app/$(BUNDLE_EXECUTABLE_FOLDER_PATH)/PlaceThatSign";
			};
			name = Debug;
		};
		D12A53132FD7692600C13652 /* Release */ = {
			isa = XCBuildConfiguration;
			buildSettings = {
				BUNDLE_LOADER = "$(TEST_HOST)";
				CODE_SIGN_STYLE = Automatic;
				CURRENT_PROJECT_VERSION = 1;
				DEVELOPMENT_TEAM = 6GA6PJQ6B5;
				GENERATE_INFOPLIST_FILE = YES;
				IPHONEOS_DEPLOYMENT_TARGET = 26.5;
				MARKETING_VERSION = 1.0;
				PRODUCT_BUNDLE_IDENTIFIER = OPinder.PlaceThatSignTests;
				PRODUCT_NAME = "$(TARGET_NAME)";
				STRING_CATALOG_GENERATE_SYMBOLS = NO;
				SWIFT_APPROACHABLE_CONCURRENCY = YES;
				SWIFT_EMIT_LOC_STRINGS = NO;
				SWIFT_UPCOMING_FEATURE_MEMBER_IMPORT_VISIBILITY = YES;
				SWIFT_VERSION = 5.0;
				TARGETED_DEVICE_FAMILY = "1,2";
				TEST_HOST = "$(BUILT_PRODUCTS_DIR)/PlaceThatSign.app/$(BUNDLE_EXECUTABLE_FOLDER_PATH)/PlaceThatSign";
			};
			name = Release;
		};
		D12A53152FD7692600C13652 /* Debug */ = {
			isa = XCBuildConfiguration;
			buildSettings = {
				CODE_SIGN_STYLE = Automatic;
				CURRENT_PROJECT_VERSION = 1;
				DEVELOPMENT_TEAM = 6GA6PJQ6B5;
				GENERATE_INFOPLIST_FILE = YES;
				MARKETING_VERSION = 1.0;
				PRODUCT_BUNDLE_IDENTIFIER = OPinder.PlaceThatSignUITests;
				PRODUCT_NAME = "$(TARGET_NAME)";
				STRING_CATALOG_GENERATE_SYMBOLS = NO;
				SWIFT_APPROACHABLE_CONCURRENCY = YES;
				SWIFT_EMIT_LOC_STRINGS = NO;
				SWIFT_UPCOMING_FEATURE_MEMBER_IMPORT_VISIBILITY = YES;
				SWIFT_VERSION = 5.0;
				TARGETED_DEVICE_FAMILY = "1,2";
				TEST_TARGET_NAME = PlaceThatSign;
			};
			name = Debug;
		};
		D12A53162FD7692600C13652 /* Release */ = {
			isa = XCBuildConfiguration;
			buildSettings = {
				CODE_SIGN_STYLE = Automatic;
				CURRENT_PROJECT_VERSION = 1;
				DEVELOPMENT_TEAM = 6GA6PJQ6B5;
				GENERATE_INFOPLIST_FILE = YES;
				MARKETING_VERSION = 1.0;
				PRODUCT_BUNDLE_IDENTIFIER = OPinder.PlaceThatSignUITests;
				PRODUCT_NAME = "$(TARGET_NAME)";
				STRING_CATALOG_GENERATE_SYMBOLS = NO;
				SWIFT_APPROACHABLE_CONCURRENCY = YES;
				SWIFT_EMIT_LOC_STRINGS = NO;
				SWIFT_UPCOMING_FEATURE_MEMBER_IMPORT_VISIBILITY = YES;
				SWIFT_VERSION = 5.0;
				TARGETED_DEVICE_FAMILY = "1,2";
				TEST_TARGET_NAME = PlaceThatSign;
			};
			name = Release;
		};
/* End XCBuildConfiguration section */

/* Begin XCConfigurationList section */
		D12A52E82FD7692500C13652 /* Build configuration list for PBXProject "PlaceThatSign" */ = {
			isa = XCConfigurationList;
			buildConfigurations = (
				D12A530C2FD7692600C13652 /* Debug */,
				D12A530D2FD7692600C13652 /* Release */,
			);
			defaultConfigurationIsVisible = 0;
			defaultConfigurationName = Release;
		};
		D12A530E2FD7692600C13652 /* Build configuration list for PBXNativeTarget "PlaceThatSign" */ = {
			isa = XCConfigurationList;
			buildConfigurations = (
				D12A530F2FD7692600C13652 /* Debug */,
				D12A53102FD7692600C13652 /* Release */,
			);
			defaultConfigurationIsVisible = 0;
			defaultConfigurationName = Release;
		};
		D12A53112FD7692600C13652 /* Build configuration list for PBXNativeTarget "PlaceThatSignTests" */ = {
			isa = XCConfigurationList;
			buildConfigurations = (
				D12A53122FD7692600C13652 /* Debug */,
				D12A53132FD7692600C13652 /* Release */,
			);
			defaultConfigurationIsVisible = 0;
			defaultConfigurationName = Release;
		};
		D12A53142FD7692600C13652 /* Build configuration list for PBXNativeTarget "PlaceThatSignUITests" */ = {
			isa = XCConfigurationList;
			buildConfigurations = (
				D12A53152FD7692600C13652 /* Debug */,
				D12A53162FD7692600C13652 /* Release */,
			);
			defaultConfigurationIsVisible = 0;
			defaultConfigurationName = Release;
		};
/* End XCConfigurationList section */

/* Begin XCRemoteSwiftPackageReference section */
		A73EC7EE2FD84D2900EC8798 /* XCRemoteSwiftPackageReference "supabase-swift" */ = {
			isa = XCRemoteSwiftPackageReference;
			repositoryURL = "https://github.com/supabase/supabase-swift";
			requirement = {
				kind = upToNextMajorVersion;
				minimumVersion = 2.5.1;
			};
		};
/* End XCRemoteSwiftPackageReference section */

/* Begin XCSwiftPackageProductDependency section */
		A73EC7EF2FD84D2900EC8798 /* Supabase */ = {
			isa = XCSwiftPackageProductDependency;
			package = A73EC7EE2FD84D2900EC8798 /* XCRemoteSwiftPackageReference "supabase-swift" */;
			productName = Supabase;
		};
/* End XCSwiftPackageProductDependency section */
	};
	rootObject = D12A52E52FD7692500C13652 /* Project object */;
}
